DEPENDENCIES
  apt
    git: git://github.com/opscode-cookbooks/apt.git
    revision: a22d25ba5862d463b08ebbf52f163a90f9878704
  build-essential
    git: git://github.com/opscode-cookbooks/build-essential.git
    revision: 400968913bfa8a4a5c9783b383c3b63899f2fe72
  chef-solo-search
    git: git://github.com/edelight/chef-solo-search.git
    revision: 848fad1461c78fd502975f1df2e14eed12610635
  elixir
    git: git://github.com/parroty/chef-cookbook-elixir.git
    revision: 1d6446abed1404f4da2a4b7672634c5a1d173071
  erlang
    git: git://github.com/opscode-cookbooks/erlang.git
    revision: 9aea2e1fe8d34e49a9e5e9d2c2c9f205561b3b9d
  fail2ban
    git: git://github.com/opscode-cookbooks/fail2ban.git
    revision: 98a8d73afb8ba4ee8b3e7fa30676c8dc6a890fc4
  hostnames
    git: git://github.com/nathantsoi/chef-cookbook-hostname.git
    revision: cfe2b24bd1223087d4655f1bea99a337b31b9843
  locales
    git: git://github.com/phbergsmann/chef-locales.git
    revision: 5ad79628e627a66edf028fe55fa7c92d26687cf0
  look_and_feel-tlq
    git: git://github.com/TalkingQuickly/look_and_feel-tlq.git
    revision: 214b18d5266909721e85fe3acac4f7c926a0c609
  monit-tlq
    git: git://github.com/TalkingQuickly/monit-tlq.git
    revision: c9651ddc15941cae5aa4234af387088e3b10cebd
    branch: master
  monit_configs-tlq
    git: git://github.com/TalkingQuickly/monit_configs-tlq.git
    revision: c10ee522a69db1ec48672a2b1c8a42ae92e027e1
    branch: master
  nginx
    git: git://github.com/miketheman/nginx.git
    revision: e128a0ad7322b0d406857aac5efc7a1c1cb824cd
  ntp
    git: git://github.com/gmiranda23/ntp.git
    revision: 103c84e8e36465e46ea9d597d3aad9aa38222978
  openssh
    git: git://github.com/opscode-cookbooks/openssh.git
    revision: 2548e378898a87fbd5d2f3efeb5b503543b63fa4
  postgresql
    git: git://github.com/opscode-cookbooks/postgresql.git
    revision: bfd310f37dd39d3f8b522e896e17360c2fd66ab7
  sudo
    git: git://github.com/opscode-cookbooks/sudo.git
    revision: 8bbdff7302f7a86e18d1a3f029813c665b53b322
  ufw
    git: git://github.com/opscode-cookbooks/ufw.git
    revision: 895fba816ca54456c9c66d008ebbce744f7dec59
  users
    git: git://github.com/opscode-cookbooks/users.git
    revision: fca9a42ab44dadbb98432c931dfc6c049ecc23ce

GRAPH
  apt (2.6.0)
  bluepill (2.3.1)
    rsyslog (>= 0.0.0)
  build-essential (2.0.5)
  chef-solo-search (0.5.1)
  chef-sugar (2.3.0)
  chef_handler (1.2.0)
  dmg (2.3.0)
  elixir (0.0.1)
    erlang (>= 0.0.0)
    git (>= 0.0.0)
  erlang (2.0.0)
    apt (>= 1.7.0)
    build-essential (>= 0.0.0)
    yum (~> 3.0)
    yum-epel (>= 0.0.0)
    yum-erlang_solutions (>= 0.0.0)
  fail2ban (2.2.1)
    yum (~> 3.0)
    yum-epel (>= 0.0.0)
  firewall (0.11.8)
  git (4.3.4)
    build-essential (>= 0.0.0)
    dmg (>= 0.0.0)
    windows (>= 0.0.0)
    yum-epel (>= 0.0.0)
  hostnames (0.3.5)
    hostsfile (>= 0.0.0)
  hostsfile (2.4.5)
  iptables (0.14.0)
  locales (0.3.1)
  look_and_feel-tlq (0.0.5)
    locales (>= 0.0.0)
  monit-tlq (0.3.7)
  monit_configs-tlq (0.1.2)
  nginx (2.7.4)
    apt (~> 2.2)
    bluepill (~> 2.3)
    build-essential (~> 2.0)
    ohai (~> 2.0)
    runit (~> 1.2)
    yum-epel (~> 0.3)
  ntp (1.6.5)
  ohai (2.0.1)
  openssh (1.3.5)
    iptables (>= 0.0.0)
  openssl (2.0.0)
    chef-sugar (>= 0.0.0)
  postgresql (3.4.4)
    apt (>= 1.9.0)
    build-essential (>= 0.0.0)
    openssl (>= 0.0.0)
  rsyslog (1.12.2)
  runit (1.5.10)
    build-essential (>= 0.0.0)
    yum (~> 3.0)
    yum-epel (>= 0.0.0)
  sudo (2.6.1)
  ufw (0.7.5)
    firewall (>= 0.9.0)
  users (1.7.1)
  windows (1.38.4)
    chef_handler (>= 0.0.0)
  yum (3.8.2)
  yum-epel (0.6.5)
    yum (~> 3.2)
  yum-erlang_solutions (0.2.4)
    yum (~> 3.2)
